# This file is automatically @generated by Poetry 1.8.3 and should not be changed by hand.

[[package]]
name = "plyer"
version = "2.1.0"
description = "Platform-independent wrapper for platform-dependent APIs"
optional = false
python-versions = "*"
files = [
    {file = "plyer-2.1.0-py2.py3-none-any.whl", hash = "sha256:1b1772060df8b3045ed4f08231690ec8f7de30f5a004aa1724665a9074eed113"},
    {file = "plyer-2.1.0.tar.gz", hash = "sha256:65b7dfb7e11e07af37a8487eb2aa69524276ef70dad500b07228ce64736baa61"},
]

[package.extras]
android = ["pyjnius"]
dev = ["flake8", "mock"]
ios = ["pyobjus"]
macosx = ["pyobjus"]

[[package]]
name = "pytz"
version = "2024.2"
description = "World timezone definitions, modern and historical"
optional = false
python-versions = "*"
files = [
    {file = "pytz-2024.2-py2.py3-none-any.whl", hash = "sha256:31c7c1817eb7fae7ca4b8c7ee50c72f93aa2dd863de768e1ef4245d426aa0725"},
    {file = "pytz-2024.2.tar.gz", hash = "sha256:2aa355083c50a0f93fa581709deac0c9ad65cca8a9e9beac660adcbd493c798a"},
]

[[package]]
name = "win11toast"
version = "0.35"
description = "Toast notifications for Windows 10 and 11"
optional = false
python-versions = "*"
files = [
    {file = "win11toast-0.35-py3-none-any.whl", hash = "sha256:1e101516c283884b987969d0b8f27dc79d4b19273243899070c2cd0d6b86cbb4"},
    {file = "win11toast-0.35.tar.gz", hash = "sha256:59215bee9bd14e5651603fca791f05ac5932e6b864cb515c8bdfdb2da97b8376"},
]

[package.dependencies]
winsdk = "*"

[[package]]
name = "winsdk"
version = "1.0.0b10"
description = "Python bindings for the Windows SDK"
optional = false
python-versions = ">=3.8"
files = [
    {file = "winsdk-1.0.0b10-cp310-cp310-win32.whl", hash = "sha256:90f75c67e166d588a045bcde0117a4631c705904f7af4ac42644479dcf0d8c52"},
    {file = "winsdk-1.0.0b10-cp310-cp310-win_amd64.whl", hash = "sha256:c3be3fbf692b8888bac8c0712c490c080ab8976649ef01f9f6365947f4e5a8b1"},
    {file = "winsdk-1.0.0b10-cp310-cp310-win_arm64.whl", hash = "sha256:6ab69dd65d959d94939c21974a33f4f1dfa625106c8784435ecacbd8ff0bf74d"},
    {file = "winsdk-1.0.0b10-cp311-cp311-win32.whl", hash = "sha256:9ea4fdad9ca8a542198aee3c753ac164b8e2f550d760bb88815095d64750e0f5"},
    {file = "winsdk-1.0.0b10-cp311-cp311-win_amd64.whl", hash = "sha256:f12e25bbf0a658270203615677520b8170edf500fba11e0f80359c5dbf090676"},
    {file = "winsdk-1.0.0b10-cp311-cp311-win_arm64.whl", hash = "sha256:e77bce44a9ff151562bd261b2a1a8255e258bb10696d0d31ef63267a27628af1"},
    {file = "winsdk-1.0.0b10-cp312-cp312-win32.whl", hash = "sha256:775a55a71e05ec2aa262c1fd67d80f270d4186bbdbbee2f43c9c412cf76f0761"},
    {file = "winsdk-1.0.0b10-cp312-cp312-win_amd64.whl", hash = "sha256:8231ce5f16e1fc88bb7dda0adf35633b5b26101eae3b0799083ca2177f03e4e5"},
    {file = "winsdk-1.0.0b10-cp312-cp312-win_arm64.whl", hash = "sha256:f4ab469ada19b34ccfc69a148090f98b40a1da1da797b50b9cbba0c090c365a5"},
    {file = "winsdk-1.0.0b10-cp38-cp38-win32.whl", hash = "sha256:786d6b50e4fcb8af2d701d7400c74e1c3f3ab7766ed1dfd516cdd6688072ea87"},
    {file = "winsdk-1.0.0b10-cp38-cp38-win_amd64.whl", hash = "sha256:1d4fdd1f79b41b64fedfbc478a29112edf2076e1a61001eccb536c0568510e74"},
    {file = "winsdk-1.0.0b10-cp39-cp39-win32.whl", hash = "sha256:4f04d3e50eeb8ca5fe4eb2e39785f3fa594199819acdfb23a10aaef4b97699ad"},
    {file = "winsdk-1.0.0b10-cp39-cp39-win_amd64.whl", hash = "sha256:7948bc5d8a02d73b1db043788d32b2988b8e7e29a25e503c21d34478e630eaf1"},
    {file = "winsdk-1.0.0b10-cp39-cp39-win_arm64.whl", hash = "sha256:342b1095cbd937865cee962676e279a1fd28896a0680724fcf9c65157e7ebdb7"},
    {file = "winsdk-1.0.0b10.tar.gz", hash = "sha256:8f39ea759626797449371f857c9085b84bb9f3b6d493dc6525e2cedcb3d15ea2"},
]

[metadata]
lock-version = "2.0"
python-versions = "^3.12"
content-hash = "247985ea9f5378f6ff4e3018cae2d3266781c9ae443f8b9e8ee2bd75c0230f7c"
